
Microsoft Visual Studio Solution File, Format Version 12.00
# Visual Studio Version 16
VisualStudioVersion = 16.0.29926.136
MinimumVisualStudioVersion = 10.0.40219.1
Project("{2150E333-8FDC-42A3-9474-1A3956D46DE8}") = "Solution Items", "Solution Items", "{18C18DE3-CB8F-4128-BDB7-32B64F5738A1}"
	ProjectSection(SolutionItems) = preProject
		.editorconfig = .editorconfig
		icon.ico = icon.ico
	EndProjectSection
EndProject
Project("{FAE04EC0-301F-11D3-BF4B-00C04F79EFBC}") = "AbcPlayer", "AbcPlayer\AbcPlayer.csproj", "{1E60F609-2CA2-44F7-8E69-E86482B50C95}"
EndProject
Project("{FAE04EC0-301F-11D3-BF4B-00C04F79EFBC}") = "AbcPlayerApp", "AbcPlayerApp\AbcPlayerApp.csproj", "{9BBFC454-8E5C-4CBE-82B3-C69A80FB06FF}"
EndProject
Global
	GlobalSection(SolutionConfigurationPlatforms) = preSolution
		Debug|Any CPU = Debug|Any CPU
		Release|Any CPU = Release|Any CPU
	EndGlobalSection
	GlobalSection(ProjectConfigurationPlatforms) = postSolution
		{1E60F609-2CA2-44F7-8E69-E86482B50C95}.Debug|Any CPU.ActiveCfg = Debug|Any CPU
		{1E60F609-2CA2-44F7-8E69-E86482B50C95}.Debug|Any CPU.Build.0 = Debug|Any CPU
		{1E60F609-2CA2-44F7-8E69-E86482B50C95}.Release|Any CPU.ActiveCfg = Release|Any CPU
		{1E60F609-2CA2-44F7-8E69-E86482B50C95}.Release|Any CPU.Build.0 = Release|Any CPU
		{9BBFC454-8E5C-4CBE-82B3-C69A80FB06FF}.Debug|Any CPU.ActiveCfg = Debug|Any CPU
		{9BBFC454-8E5C-4CBE-82B3-C69A80FB06FF}.Debug|Any CPU.Build.0 = Debug|Any CPU
		{9BBFC454-8E5C-4CBE-82B3-C69A80FB06FF}.Release|Any CPU.ActiveCfg = Release|Any CPU
		{9BBFC454-8E5C-4CBE-82B3-C69A80FB06FF}.Release|Any CPU.Build.0 = Release|Any CPU
	EndGlobalSection
	GlobalSection(SolutionProperties) = preSolution
		HideSolutionNode = FALSE
	EndGlobalSection
	GlobalSection(ExtensibilityGlobals) = postSolution
		SolutionGuid = {84818CD5-5356-4F3F-BE55-34164D3C1405}
	EndGlobalSection
EndGlobal
